PODS:
  - JLRoutes (1.5.5)
  - MSAppModuleKit (0.0.6):
    - JLRoutes

DEPENDENCIES:
  - MSAppModuleKit (from `../`)

EXTERNAL SOURCES:
  MSAppModuleKit:
    :path: ../

SPEC CHECKSUMS:
  JLRoutes: d191a496b820f60d70225202d04289582da962df
  MSAppModuleKit: 0d24f317507d9bbc992b76afb032d5fece8349d8

COCOAPODS: 0.39.0
