PODS:
  - JLRoutes (2.0)
  - MSAppModuleKit (1.1.1):
    - MSRoutes (~> 1.2)
  - MSRoutes (1.2.0):
    - JLRoutes

DEPENDENCIES:
  - MSAppModuleKit (from `../`)

EXTERNAL SOURCES:
  MSAppModuleKit:
    :path: "../"

SPEC CHECKSUMS:
  JLRoutes: 0bead23690bafa726e1528aa6459a56c9b81cb5e
  MSAppModuleKit: 18fd80ea6a456a47878ce460841b3016d269707d
  MSRoutes: 175360dea2d43d29b7b9bba2094066c52fc9c8ff

PODFILE CHECKSUM: 70ce89c046d25efd38385f9e61bfd31fae4479cb

COCOAPODS: 1.2.1
