PODS:
  - JLRoutes (2.0.1)
  - MSAppModuleKit (1.0.0):
    - MSRoutes (~> 1.1)
  - MSRoutes (1.2.0):
    - JLRoutes

DEPENDENCIES:
  - MSAppModuleKit (from `../`)

EXTERNAL SOURCES:
  MSAppModuleKit:
    :path: "../"

SPEC CHECKSUMS:
  JLRoutes: 3652abe3b4ac51bc93ec3a371353d762e8566092
  MSAppModuleKit: c5dc599279b6b8d81bd2fcc9d7ffc096f8dc7043
  MSRoutes: 175360dea2d43d29b7b9bba2094066c52fc9c8ff

PODFILE CHECKSUM: e35acddda58d60f242b99b596e4d97b94986d887

COCOAPODS: 1.1.1
